
Microsoft Visual Studio Solution File, Format Version 12.00
# Visual Studio Version 16
VisualStudioVersion = 16.0.29905.134
MinimumVisualStudioVersion = 10.0.40219.1
Project("{9A19103F-16F7-4668-BE54-9A1E7A4F7556}") = "Entities", "Entities\Entities.csproj", "{8B2E6F0E-D247-4901-AE4A-BF34C85F06CB}"
EndProject
Project("{9A19103F-16F7-4668-BE54-9A1E7A4F7556}") = "DataAccessLayer", "DataAccessLayer\DataAccessLayer.csproj", "{FC292796-753D-4511-AA8C-B017253FCE0C}"
EndProject
Project("{9A19103F-16F7-4668-BE54-9A1E7A4F7556}") = "WebShop", "WebShop\WebShop.csproj", "{0DB23564-9932-4D98-AEC2-D418AFD66946}"
EndProject
Project("{9A19103F-16F7-4668-BE54-9A1E7A4F7556}") = "WebShopAdminUI", "WebShopAdminUI\WebShopAdminUI.csproj", "{3346A897-AE36-45F3-B70C-4D4EF6DF9276}"
EndProject
Global
	GlobalSection(SolutionConfigurationPlatforms) = preSolution
		Debug|Any CPU = Debug|Any CPU
		Release|Any CPU = Release|Any CPU
	EndGlobalSection
	GlobalSection(ProjectConfigurationPlatforms) = postSolution
		{8B2E6F0E-D247-4901-AE4A-BF34C85F06CB}.Debug|Any CPU.ActiveCfg = Debug|Any CPU
		{8B2E6F0E-D247-4901-AE4A-BF34C85F06CB}.Debug|Any CPU.Build.0 = Debug|Any CPU
		{8B2E6F0E-D247-4901-AE4A-BF34C85F06CB}.Release|Any CPU.ActiveCfg = Release|Any CPU
		{8B2E6F0E-D247-4901-AE4A-BF34C85F06CB}.Release|Any CPU.Build.0 = Release|Any CPU
		{FC292796-753D-4511-AA8C-B017253FCE0C}.Debug|Any CPU.ActiveCfg = Debug|Any CPU
		{FC292796-753D-4511-AA8C-B017253FCE0C}.Debug|Any CPU.Build.0 = Debug|Any CPU
		{FC292796-753D-4511-AA8C-B017253FCE0C}.Release|Any CPU.ActiveCfg = Release|Any CPU
		{FC292796-753D-4511-AA8C-B017253FCE0C}.Release|Any CPU.Build.0 = Release|Any CPU
		{0DB23564-9932-4D98-AEC2-D418AFD66946}.Debug|Any CPU.ActiveCfg = Debug|Any CPU
		{0DB23564-9932-4D98-AEC2-D418AFD66946}.Debug|Any CPU.Build.0 = Debug|Any CPU
		{0DB23564-9932-4D98-AEC2-D418AFD66946}.Release|Any CPU.ActiveCfg = Release|Any CPU
		{0DB23564-9932-4D98-AEC2-D418AFD66946}.Release|Any CPU.Build.0 = Release|Any CPU
		{3346A897-AE36-45F3-B70C-4D4EF6DF9276}.Debug|Any CPU.ActiveCfg = Debug|Any CPU
		{3346A897-AE36-45F3-B70C-4D4EF6DF9276}.Debug|Any CPU.Build.0 = Debug|Any CPU
		{3346A897-AE36-45F3-B70C-4D4EF6DF9276}.Release|Any CPU.ActiveCfg = Release|Any CPU
		{3346A897-AE36-45F3-B70C-4D4EF6DF9276}.Release|Any CPU.Build.0 = Release|Any CPU
	EndGlobalSection
	GlobalSection(SolutionProperties) = preSolution
		HideSolutionNode = FALSE
	EndGlobalSection
	GlobalSection(ExtensibilityGlobals) = postSolution
		SolutionGuid = {5ECE5A0D-939E-47B9-B699-AA7D74A1D761}
	EndGlobalSection
EndGlobal
